// !$*UTF8*$!
{
	archiveVersion = 1;
	classes = {
	};
	objectVersion = 50;
	objects = {

/* Begin PBXBuildFile section */
		A3FF0C5A238127DC00DB0B0F /* AppDelegate.swift in Sources */ = {isa = PBXBuildFile; fileRef = A3FF0C59238127DC00DB0B0F /* AppDelegate.swift */; };
		A3FF0C5C238127DC00DB0B0F /* SceneDelegate.swift in Sources */ = {isa = PBXBuildFile; fileRef = A3FF0C5B238127DC00DB0B0F /* SceneDelegate.swift */; };
		A3FF0C5F238127DC00DB0B0F /* C_Cell.xcdatamodeld in Sources */ = {isa = PBXBuildFile; fileRef = A3FF0C5D238127DC00DB0B0F /* C_Cell.xcdatamodeld */; };
		A3FF0C61238127DC00DB0B0F /* ContentView.swift in Sources */ = {isa = PBXBuildFile; fileRef = A3FF0C60238127DC00DB0B0F /* ContentView.swift */; };
		A3FF0C63238127E200DB0B0F /* Assets.xcassets in Resources */ = {isa = PBXBuildFile; fileRef = A3FF0C62238127E200DB0B0F /* Assets.xcassets */; };
		A3FF0C66238127E200DB0B0F /* Preview Assets.xcassets in Resources */ = {isa = PBXBuildFile; fileRef = A3FF0C65238127E200DB0B0F /* Preview Assets.xcassets */; };
		A3FF0C69238127E200DB0B0F /* LaunchScreen.storyboard in Resources */ = {isa = PBXBuildFile; fileRef = A3FF0C67238127E200DB0B0F /* LaunchScreen.storyboard */; };
		A3FF0C712381287500DB0B0F /* settings.swift in Sources */ = {isa = PBXBuildFile; fileRef = A3FF0C702381287500DB0B0F /* settings.swift */; };
		A3FF0C73238128CC00DB0B0F /* Schedule.swift in Sources */ = {isa = PBXBuildFile; fileRef = A3FF0C72238128CC00DB0B0F /* Schedule.swift */; };
		A3FF0C75238128FA00DB0B0F /* Contacts.swift in Sources */ = {isa = PBXBuildFile; fileRef = A3FF0C74238128FA00DB0B0F /* Contacts.swift */; };
		A3FF0C772381292C00DB0B0F /* ContactPage.swift in Sources */ = {isa = PBXBuildFile; fileRef = A3FF0C762381292C00DB0B0F /* ContactPage.swift */; };
		A3FF0C792381295800DB0B0F /* Bulletin.swift in Sources */ = {isa = PBXBuildFile; fileRef = A3FF0C782381295800DB0B0F /* Bulletin.swift */; };
		A3FF0C7B2381297D00DB0B0F /* new.swift in Sources */ = {isa = PBXBuildFile; fileRef = A3FF0C7A2381297D00DB0B0F /* new.swift */; };
		A3FF0C7D238129A700DB0B0F /* sheetView.swift in Sources */ = {isa = PBXBuildFile; fileRef = A3FF0C7C238129A700DB0B0F /* sheetView.swift */; };
		A3FF0C7F238129D100DB0B0F /* BulletinItem.swift in Sources */ = {isa = PBXBuildFile; fileRef = A3FF0C7E238129D100DB0B0F /* BulletinItem.swift */; };
		A3FF0C81238158B700DB0B0F /* website.swift in Sources */ = {isa = PBXBuildFile; fileRef = A3FF0C80238158B700DB0B0F /* website.swift */; };
		A3FF0C8323815B9300DB0B0F /* FAQs.swift in Sources */ = {isa = PBXBuildFile; fileRef = A3FF0C8223815B9300DB0B0F /* FAQs.swift */; };
		A3FF0C852381BE9F00DB0B0F /* Checked.swift in Sources */ = {isa = PBXBuildFile; fileRef = A3FF0C842381BE9F00DB0B0F /* Checked.swift */; };
/* End PBXBuildFile section */

/* Begin PBXFileReference section */
		A3FF0C56238127DC00DB0B0F /* C Cell.app */ = {isa = PBXFileReference; explicitFileType = wrapper.application; includeInIndex = 0; path = "C Cell.app"; sourceTree = BUILT_PRODUCTS_DIR; };
		A3FF0C59238127DC00DB0B0F /* AppDelegate.swift */ = {isa = PBXFileReference; lastKnownFileType = sourcecode.swift; path = AppDelegate.swift; sourceTree = "<group>"; };
		A3FF0C5B238127DC00DB0B0F /* SceneDelegate.swift */ = {isa = PBXFileReference; lastKnownFileType = sourcecode.swift; path = SceneDelegate.swift; sourceTree = "<group>"; };
		A3FF0C5E238127DC00DB0B0F /* C_Cell.xcdatamodel */ = {isa = PBXFileReference; lastKnownFileType = wrapper.xcdatamodel; path = C_Cell.xcdatamodel; sourceTree = "<group>"; };
		A3FF0C60238127DC00DB0B0F /* ContentView.swift */ = {isa = PBXFileReference; lastKnownFileType = sourcecode.swift; path = ContentView.swift; sourceTree = "<group>"; };
		A3FF0C62238127E200DB0B0F /* Assets.xcassets */ = {isa = PBXFileReference; lastKnownFileType = folder.assetcatalog; path = Assets.xcassets; sourceTree = "<group>"; };
		A3FF0C65238127E200DB0B0F /* Preview Assets.xcassets */ = {isa = PBXFileReference; lastKnownFileType = folder.assetcatalog; path = "Preview Assets.xcassets"; sourceTree = "<group>"; };
		A3FF0C68238127E200DB0B0F /* Base */ = {isa = PBXFileReference; lastKnownFileType = file.storyboard; name = Base; path = Base.lproj/LaunchScreen.storyboard; sourceTree = "<group>"; };
		A3FF0C6A238127E200DB0B0F /* Info.plist */ = {isa = PBXFileReference; lastKnownFileType = text.plist.xml; path = Info.plist; sourceTree = "<group>"; };
		A3FF0C702381287500DB0B0F /* settings.swift */ = {isa = PBXFileReference; lastKnownFileType = sourcecode.swift; path = settings.swift; sourceTree = "<group>"; };
		A3FF0C72238128CC00DB0B0F /* Schedule.swift */ = {isa = PBXFileReference; lastKnownFileType = sourcecode.swift; path = Schedule.swift; sourceTree = "<group>"; };
		A3FF0C74238128FA00DB0B0F /* Contacts.swift */ = {isa = PBXFileReference; lastKnownFileType = sourcecode.swift; path = Contacts.swift; sourceTree = "<group>"; };
		A3FF0C762381292C00DB0B0F /* ContactPage.swift */ = {isa = PBXFileReference; lastKnownFileType = sourcecode.swift; path = ContactPage.swift; sourceTree = "<group>"; };
		A3FF0C782381295800DB0B0F /* Bulletin.swift */ = {isa = PBXFileReference; lastKnownFileType = sourcecode.swift; path = Bulletin.swift; sourceTree = "<group>"; };
		A3FF0C7A2381297D00DB0B0F /* new.swift */ = {isa = PBXFileReference; lastKnownFileType = sourcecode.swift; path = new.swift; sourceTree = "<group>"; };
		A3FF0C7C238129A700DB0B0F /* sheetView.swift */ = {isa = PBXFileReference; lastKnownFileType = sourcecode.swift; path = sheetView.swift; sourceTree = "<group>"; };
		A3FF0C7E238129D100DB0B0F /* BulletinItem.swift */ = {isa = PBXFileReference; lastKnownFileType = sourcecode.swift; path = BulletinItem.swift; sourceTree = "<group>"; };
		A3FF0C80238158B700DB0B0F /* website.swift */ = {isa = PBXFileReference; lastKnownFileType = sourcecode.swift; path = website.swift; sourceTree = "<group>"; };
		A3FF0C8223815B9300DB0B0F /* FAQs.swift */ = {isa = PBXFileReference; lastKnownFileType = sourcecode.swift; path = FAQs.swift; sourceTree = "<group>"; };
		A3FF0C842381BE9F00DB0B0F /* Checked.swift */ = {isa = PBXFileReference; lastKnownFileType = sourcecode.swift; path = Checked.swift; sourceTree = "<group>"; };
/* End PBXFileReference section */

/* Begin PBXFrameworksBuildPhase section */
		A3FF0C53238127DC00DB0B0F /* Frameworks */ = {
			isa = PBXFrameworksBuildPhase;
			buildActionMask = 2147483647;
			files = (
			);
			runOnlyForDeploymentPostprocessing = 0;
		};
/* End PBXFrameworksBuildPhase section */

/* Begin PBXGroup section */
		A3FF0C4D238127DB00DB0B0F = {
			isa = PBXGroup;
			children = (
				A3FF0C58238127DC00DB0B0F /* C Cell */,
				A3FF0C57238127DC00DB0B0F /* Products */,
			);
			sourceTree = "<group>";
		};
		A3FF0C57238127DC00DB0B0F /* Products */ = {
			isa = PBXGroup;
			children = (
				A3FF0C56238127DC00DB0B0F /* C Cell.app */,
			);
			name = Products;
			sourceTree = "<group>";
		};
		A3FF0C58238127DC00DB0B0F /* C Cell */ = {
			isa = PBXGroup;
			children = (
				A3FF0C59238127DC00DB0B0F /* AppDelegate.swift */,
				A3FF0C5B238127DC00DB0B0F /* SceneDelegate.swift */,
				A3FF0C60238127DC00DB0B0F /* ContentView.swift */,
				A3FF0C702381287500DB0B0F /* settings.swift */,
				A3FF0C8223815B9300DB0B0F /* FAQs.swift */,
				A3FF0C80238158B700DB0B0F /* website.swift */,
				A3FF0C72238128CC00DB0B0F /* Schedule.swift */,
				A3FF0C74238128FA00DB0B0F /* Contacts.swift */,
				A3FF0C762381292C00DB0B0F /* ContactPage.swift */,
				A3FF0C782381295800DB0B0F /* Bulletin.swift */,
				A3FF0C7E238129D100DB0B0F /* BulletinItem.swift */,
				A3FF0C7A2381297D00DB0B0F /* new.swift */,
				A3FF0C7C238129A700DB0B0F /* sheetView.swift */,
				A3FF0C62238127E200DB0B0F /* Assets.xcassets */,
				A3FF0C67238127E200DB0B0F /* LaunchScreen.storyboard */,
				A3FF0C6A238127E200DB0B0F /* Info.plist */,
				A3FF0C5D238127DC00DB0B0F /* C_Cell.xcdatamodeld */,
				A3FF0C842381BE9F00DB0B0F /* Checked.swift */,
				A3FF0C64238127E200DB0B0F /* Preview Content */,
			);
			path = "C Cell";
			sourceTree = "<group>";
		};
		A3FF0C64238127E200DB0B0F /* Preview Content */ = {
			isa = PBXGroup;
			children = (
				A3FF0C65238127E200DB0B0F /* Preview Assets.xcassets */,
			);
			path = "Preview Content";
			sourceTree = "<group>";
		};
/* End PBXGroup section */

/* Begin PBXNativeTarget section */
		A3FF0C55238127DC00DB0B0F /* C Cell */ = {
			isa = PBXNativeTarget;
			buildConfigurationList = A3FF0C6D238127E200DB0B0F /* Build configuration list for PBXNativeTarget "C Cell" */;
			buildPhases = (
				A3FF0C52238127DC00DB0B0F /* Sources */,
				A3FF0C53238127DC00DB0B0F /* Frameworks */,
				A3FF0C54238127DC00DB0B0F /* Resources */,
			);
			buildRules = (
			);
			dependencies = (
			);
			name = "C Cell";
			productName = "C Cell";
			productReference = A3FF0C56238127DC00DB0B0F /* C Cell.app */;
			productType = "com.apple.product-type.application";
		};
/* End PBXNativeTarget section */

/* Begin PBXProject section */
		A3FF0C4E238127DB00DB0B0F /* Project object */ = {
			isa = PBXProject;
			attributes = {
				LastSwiftUpdateCheck = 1110;
				LastUpgradeCheck = 1110;
				ORGANIZATIONNAME = "Ishan Arora";
				TargetAttributes = {
					A3FF0C55238127DC00DB0B0F = {
						CreatedOnToolsVersion = 11.1;
					};
				};
			};
			buildConfigurationList = A3FF0C51238127DB00DB0B0F /* Build configuration list for PBXProject "C Cell" */;
			compatibilityVersion = "Xcode 9.3";
			developmentRegion = en;
			hasScannedForEncodings = 0;
			knownRegions = (
				en,
				Base,
			);
			mainGroup = A3FF0C4D238127DB00DB0B0F;
			productRefGroup = A3FF0C57238127DC00DB0B0F /* Products */;
			projectDirPath = "";
			projectRoot = "";
			targets = (
				A3FF0C55238127DC00DB0B0F /* C Cell */,
			);
		};
/* End PBXProject section */

/* Begin PBXResourcesBuildPhase section */
		A3FF0C54238127DC00DB0B0F /* Resources */ = {
			isa = PBXResourcesBuildPhase;
			buildActionMask = 2147483647;
			files = (
				A3FF0C69238127E200DB0B0F /* LaunchScreen.storyboard in Resources */,
				A3FF0C66238127E200DB0B0F /* Preview Assets.xcassets in Resources */,
				A3FF0C63238127E200DB0B0F /* Assets.xcassets in Resources */,
			);
			runOnlyForDeploymentPostprocessing = 0;
		};
/* End PBXResourcesBuildPhase section */

/* Begin PBXSourcesBuildPhase section */
		A3FF0C52238127DC00DB0B0F /* Sources */ = {
			isa = PBXSourcesBuildPhase;
			buildActionMask = 2147483647;
			files = (
				A3FF0C73238128CC00DB0B0F /* Schedule.swift in Sources */,
				A3FF0C852381BE9F00DB0B0F /* Checked.swift in Sources */,
				A3FF0C5F238127DC00DB0B0F /* C_Cell.xcdatamodeld in Sources */,
				A3FF0C81238158B700DB0B0F /* website.swift in Sources */,
				A3FF0C5A238127DC00DB0B0F /* AppDelegate.swift in Sources */,
				A3FF0C792381295800DB0B0F /* Bulletin.swift in Sources */,
				A3FF0C7B2381297D00DB0B0F /* new.swift in Sources */,
				A3FF0C61238127DC00DB0B0F /* ContentView.swift in Sources */,
				A3FF0C5C238127DC00DB0B0F /* SceneDelegate.swift in Sources */,
				A3FF0C7F238129D100DB0B0F /* BulletinItem.swift in Sources */,
				A3FF0C772381292C00DB0B0F /* ContactPage.swift in Sources */,
				A3FF0C8323815B9300DB0B0F /* FAQs.swift in Sources */,
				A3FF0C7D238129A700DB0B0F /* sheetView.swift in Sources */,
				A3FF0C712381287500DB0B0F /* settings.swift in Sources */,
				A3FF0C75238128FA00DB0B0F /* Contacts.swift in Sources */,
			);
			runOnlyForDeploymentPostprocessing = 0;
		};
/* End PBXSourcesBuildPhase section */

/* Begin PBXVariantGroup section */
		A3FF0C67238127E200DB0B0F /* LaunchScreen.storyboard */ = {
			isa = PBXVariantGroup;
			children = (
				A3FF0C68238127E200DB0B0F /* Base */,
			);
			name = LaunchScreen.storyboard;
			sourceTree = "<group>";
		};
/* End PBXVariantGroup section */

/* Begin XCBuildConfiguration section */
		A3FF0C6B238127E200DB0B0F /* Debug */ = {
			isa = XCBuildConfiguration;
			buildSettings = {
				ALWAYS_SEARCH_USER_PATHS = NO;
				CLANG_ANALYZER_NONNULL = YES;
				CLANG_ANALYZER_NUMBER_OBJECT_CONVERSION = YES_AGGRESSIVE;
				CLANG_CXX_LANGUAGE_STANDARD = "gnu++14";
				CLANG_CXX_LIBRARY = "libc++";
				CLANG_ENABLE_MODULES = YES;
				CLANG_ENABLE_OBJC_ARC = YES;
				CLANG_ENABLE_OBJC_WEAK = YES;
				CLANG_WARN_BLOCK_CAPTURE_AUTORELEASING = YES;
				CLANG_WARN_BOOL_CONVERSION = YES;
				CLANG_WARN_COMMA = YES;
				CLANG_WARN_CONSTANT_CONVERSION = YES;
				CLANG_WARN_DEPRECATED_OBJC_IMPLEMENTATIONS = YES;
				CLANG_WARN_DIRECT_OBJC_ISA_USAGE = YES_ERROR;
				CLANG_WARN_DOCUMENTATION_COMMENTS = YES;
				CLANG_WARN_EMPTY_BODY = YES;
				CLANG_WARN_ENUM_CONVERSION = YES;
				CLANG_WARN_INFINITE_RECURSION = YES;
				CLANG_WARN_INT_CONVERSION = YES;
				CLANG_WARN_NON_LITERAL_NULL_CONVERSION = YES;
				CLANG_WARN_OBJC_IMPLICIT_RETAIN_SELF = YES;
				CLANG_WARN_OBJC_LITERAL_CONVERSION = YES;
				CLANG_WARN_OBJC_ROOT_CLASS = YES_ERROR;
				CLANG_WARN_RANGE_LOOP_ANALYSIS = YES;
				CLANG_WARN_STRICT_PROTOTYPES = YES;
				CLANG_WARN_SUSPICIOUS_MOVE = YES;
				CLANG_WARN_UNGUARDED_AVAILABILITY = YES_AGGRESSIVE;
				CLANG_WARN_UNREACHABLE_CODE = YES;
				CLANG_WARN__DUPLICATE_METHOD_MATCH = YES;
				COPY_PHASE_STRIP = NO;
				DEBUG_INFORMATION_FORMAT = dwarf;
				ENABLE_STRICT_OBJC_MSGSEND = YES;
				ENABLE_TESTABILITY = YES;
				GCC_C_LANGUAGE_STANDARD = gnu11;
				GCC_DYNAMIC_NO_PIC = NO;
				GCC_NO_COMMON_BLOCKS = YES;
				GCC_OPTIMIZATION_LEVEL = 0;
				GCC_PREPROCESSOR_DEFINITIONS = (
					"DEBUG=1",
					"$(inherited)",
				);
				GCC_WARN_64_TO_32_BIT_CONVERSION = YES;
				GCC_WARN_ABOUT_RETURN_TYPE = YES_ERROR;
				GCC_WARN_UNDECLARED_SELECTOR = YES;
				GCC_WARN_UNINITIALIZED_AUTOS = YES_AGGRESSIVE;
				GCC_WARN_UNUSED_FUNCTION = YES;
				GCC_WARN_UNUSED_VARIABLE = YES;
				IPHONEOS_DEPLOYMENT_TARGET = 13.1;
				MTL_ENABLE_DEBUG_INFO = INCLUDE_SOURCE;
				MTL_FAST_MATH = YES;
				ONLY_ACTIVE_ARCH = YES;
				SDKROOT = iphoneos;
				SWIFT_ACTIVE_COMPILATION_CONDITIONS = DEBUG;
				SWIFT_OPTIMIZATION_LEVEL = "-Onone";
			};
			name = Debug;
		};
		A3FF0C6C238127E200DB0B0F /* Release */ = {
			isa = XCBuildConfiguration;
			buildSettings = {
				ALWAYS_SEARCH_USER_PATHS = NO;
				CLANG_ANALYZER_NONNULL = YES;
				CLANG_ANALYZER_NUMBER_OBJECT_CONVERSION = YES_AGGRESSIVE;
				CLANG_CXX_LANGUAGE_STANDARD = "gnu++14";
				CLANG_CXX_LIBRARY = "libc++";
				CLANG_ENABLE_MODULES = YES;
				CLANG_ENABLE_OBJC_ARC = YES;
				CLANG_ENABLE_OBJC_WEAK = YES;
				CLANG_WARN_BLOCK_CAPTURE_AUTORELEASING = YES;
				CLANG_WARN_BOOL_CONVERSION = YES;
				CLANG_WARN_COMMA = YES;
				CLANG_WARN_CONSTANT_CONVERSION = YES;
				CLANG_WARN_DEPRECATED_OBJC_IMPLEMENTATIONS = YES;
				CLANG_WARN_DIRECT_OBJC_ISA_USAGE = YES_ERROR;
				CLANG_WARN_DOCUMENTATION_COMMENTS = YES;
				CLANG_WARN_EMPTY_BODY = YES;
				CLANG_WARN_ENUM_CONVERSION = YES;
				CLANG_WARN_INFINITE_RECURSION = YES;
				CLANG_WARN_INT_CONVERSION = YES;
				CLANG_WARN_NON_LITERAL_NULL_CONVERSION = YES;
				CLANG_WARN_OBJC_IMPLICIT_RETAIN_SELF = YES;
				CLANG_WARN_OBJC_LITERAL_CONVERSION = YES;
				CLANG_WARN_OBJC_ROOT_CLASS = YES_ERROR;
				CLANG_WARN_RANGE_LOOP_ANALYSIS = YES;
				CLANG_WARN_STRICT_PROTOTYPES = YES;
				CLANG_WARN_SUSPICIOUS_MOVE = YES;
				CLANG_WARN_UNGUARDED_AVAILABILITY = YES_AGGRESSIVE;
				CLANG_WARN_UNREACHABLE_CODE = YES;
				CLANG_WARN__DUPLICATE_METHOD_MATCH = YES;
				COPY_PHASE_STRIP = NO;
				DEBUG_INFORMATION_FORMAT = "dwarf-with-dsym";
				ENABLE_NS_ASSERTIONS = NO;
				ENABLE_STRICT_OBJC_MSGSEND = YES;
				GCC_C_LANGUAGE_STANDARD = gnu11;
				GCC_NO_COMMON_BLOCKS = YES;
				GCC_WARN_64_TO_32_BIT_CONVERSION = YES;
				GCC_WARN_ABOUT_RETURN_TYPE = YES_ERROR;
				GCC_WARN_UNDECLARED_SELECTOR = YES;
				GCC_WARN_UNINITIALIZED_AUTOS = YES_AGGRESSIVE;
				GCC_WARN_UNUSED_FUNCTION = YES;
				GCC_WARN_UNUSED_VARIABLE = YES;
				IPHONEOS_DEPLOYMENT_TARGET = 13.1;
				MTL_ENABLE_DEBUG_INFO = NO;
				MTL_FAST_MATH = YES;
				SDKROOT = iphoneos;
				SWIFT_COMPILATION_MODE = wholemodule;
				SWIFT_OPTIMIZATION_LEVEL = "-O";
				VALIDATE_PRODUCT = YES;
			};
			name = Release;
		};
		A3FF0C6E238127E200DB0B0F /* Debug */ = {
			isa = XCBuildConfiguration;
			buildSettings = {
				ASSETCATALOG_COMPILER_APPICON_NAME = AppIcon;
				CODE_SIGN_STYLE = Automatic;
				DEVELOPMENT_ASSET_PATHS = "\"C Cell/Preview Content\"";
				DEVELOPMENT_TEAM = 2MNYXHX2CP;
				ENABLE_PREVIEWS = YES;
				INFOPLIST_FILE = "C Cell/Info.plist";
				LD_RUNPATH_SEARCH_PATHS = (
					"$(inherited)",
					"@executable_path/Frameworks",
				);
				PRODUCT_BUNDLE_IDENTIFIER = "com.developers.Counselling-cell";
				PRODUCT_NAME = "$(TARGET_NAME)";
				SWIFT_VERSION = 5.0;
				TARGETED_DEVICE_FAMILY = "1,2";
			};
			name = Debug;
		};
		A3FF0C6F238127E200DB0B0F /* Release */ = {
			isa = XCBuildConfiguration;
			buildSettings = {
				ASSETCATALOG_COMPILER_APPICON_NAME = AppIcon;
				CODE_SIGN_STYLE = Automatic;
				DEVELOPMENT_ASSET_PATHS = "\"C Cell/Preview Content\"";
				DEVELOPMENT_TEAM = 2MNYXHX2CP;
				ENABLE_PREVIEWS = YES;
				INFOPLIST_FILE = "C Cell/Info.plist";
				LD_RUNPATH_SEARCH_PATHS = (
					"$(inherited)",
					"@executable_path/Frameworks",
				);
				PRODUCT_BUNDLE_IDENTIFIER = "com.developers.Counselling-cell";
				PRODUCT_NAME = "$(TARGET_NAME)";
				SWIFT_VERSION = 5.0;
				TARGETED_DEVICE_FAMILY = "1,2";
			};
			name = Release;
		};
/* End XCBuildConfiguration section */

/* Begin XCConfigurationList section */
		A3FF0C51238127DB00DB0B0F /* Build configuration list for PBXProject "C Cell" */ = {
			isa = XCConfigurationList;
			buildConfigurations = (
				A3FF0C6B238127E200DB0B0F /* Debug */,
				A3FF0C6C238127E200DB0B0F /* Release */,
			);
			defaultConfigurationIsVisible = 0;
			defaultConfigurationName = Release;
		};
		A3FF0C6D238127E200DB0B0F /* Build configuration list for PBXNativeTarget "C Cell" */ = {
			isa = XCConfigurationList;
			buildConfigurations = (
				A3FF0C6E238127E200DB0B0F /* Debug */,
				A3FF0C6F238127E200DB0B0F /* Release */,
			);
			defaultConfigurationIsVisible = 0;
			defaultConfigurationName = Release;
		};
/* End XCConfigurationList section */

/* Begin XCVersionGroup section */
		A3FF0C5D238127DC00DB0B0F /* C_Cell.xcdatamodeld */ = {
			isa = XCVersionGroup;
			children = (
				A3FF0C5E238127DC00DB0B0F /* C_Cell.xcdatamodel */,
			);
			currentVersion = A3FF0C5E238127DC00DB0B0F /* C_Cell.xcdatamodel */;
			path = C_Cell.xcdatamodeld;
			sourceTree = "<group>";
			versionGroupType = wrapper.xcdatamodel;
		};
/* End XCVersionGroup section */
	};
	rootObject = A3FF0C4E238127DB00DB0B0F /* Project object */;
}
